// !$*UTF8*$!
{
	archiveVersion = 1;
	classes = {
	};
	objectVersion = 46;
	objects = {

/* Begin PBXBuildFile section */
		DDC8C89D1F1C5E3900CA07F7 /* main.m in Sources */ = {isa = PBXBuildFile; fileRef = DDC8C89C1F1C5E3900CA07F7 /* main.m */; };
		DDC8C8A01F1C5E3900CA07F7 /* AppDelegate.m in Sources */ = {isa = PBXBuildFile; fileRef = DDC8C89F1F1C5E3900CA07F7 /* AppDelegate.m */; };
		DDC8C8A61F1C5E3900CA07F7 /* Main.storyboard in Resources */ = {isa = PBXBuildFile; fileRef = DDC8C8A41F1C5E3900CA07F7 /* Main.storyboard */; };
		DDC8C8A81F1C5E3900CA07F7 /* Assets.xcassets in Resources */ = {isa = PBXBuildFile; fileRef = DDC8C8A71F1C5E3900CA07F7 /* Assets.xcassets */; };
		DDC8C8AB1F1C5E3900CA07F7 /* LaunchScreen.storyboard in Resources */ = {isa = PBXBuildFile; fileRef = DDC8C8A91F1C5E3900CA07F7 /* LaunchScreen.storyboard */; };
		DDC8C8B61F1C5E3900CA07F7 /* ______Tests.m in Sources */ = {isa = PBXBuildFile; fileRef = DDC8C8B51F1C5E3900CA07F7 /* ______Tests.m */; };
		DDC8C8C11F1C5E3900CA07F7 /* ______UITests.m in Sources */ = {isa = PBXBuildFile; fileRef = DDC8C8C01F1C5E3900CA07F7 /* ______UITests.m */; };
		DDC8C8D71F1C600700CA07F7 /* HomeViewController.m in Sources */ = {isa = PBXBuildFile; fileRef = DDC8C8D61F1C600700CA07F7 /* HomeViewController.m */; };
		DDC8C8DA1F1C61D300CA07F7 /* ActivityViewController.m in Sources */ = {isa = PBXBuildFile; fileRef = DDC8C8D91F1C61D300CA07F7 /* ActivityViewController.m */; };
		DDC8C8DD1F1C61E400CA07F7 /* SetUpViewController.m in Sources */ = {isa = PBXBuildFile; fileRef = DDC8C8DC1F1C61E400CA07F7 /* SetUpViewController.m */; };
		DDC8C8E61F1C914A00CA07F7 /* ChangeFontController.m in Sources */ = {isa = PBXBuildFile; fileRef = DDC8C8E51F1C914A00CA07F7 /* ChangeFontController.m */; };
		DDC8C8E91F1CA1B200CA07F7 /* MJHUser.m in Sources */ = {isa = PBXBuildFile; fileRef = DDC8C8E81F1CA1B200CA07F7 /* MJHUser.m */; };
/* End PBXBuildFile section */

/* Begin PBXContainerItemProxy section */
		DDC8C8B21F1C5E3900CA07F7 /* PBXContainerItemProxy */ = {
			isa = PBXContainerItemProxy;
			containerPortal = DDC8C8901F1C5E3900CA07F7 /* Project object */;
			proxyType = 1;
			remoteGlobalIDString = DDC8C8971F1C5E3900CA07F7;
			remoteInfo = "更改字体大小";
		};
		DDC8C8BD1F1C5E3900CA07F7 /* PBXContainerItemProxy */ = {
			isa = PBXContainerItemProxy;
			containerPortal = DDC8C8901F1C5E3900CA07F7 /* Project object */;
			proxyType = 1;
			remoteGlobalIDString = DDC8C8971F1C5E3900CA07F7;
			remoteInfo = "更改字体大小";
		};
/* End PBXContainerItemProxy section */

/* Begin PBXFileReference section */
		DDC8C8981F1C5E3900CA07F7 /* 更改字体大小.app */ = {isa = PBXFileReference; explicitFileType = wrapper.application; includeInIndex = 0; path = "更改字体大小.app"; sourceTree = BUILT_PRODUCTS_DIR; };
		DDC8C89C1F1C5E3900CA07F7 /* main.m */ = {isa = PBXFileReference; lastKnownFileType = sourcecode.c.objc; path = main.m; sourceTree = "<group>"; };
		DDC8C89E1F1C5E3900CA07F7 /* AppDelegate.h */ = {isa = PBXFileReference; lastKnownFileType = sourcecode.c.h; name = AppDelegate.h; path = "更改字体大小/AppDelegate.h"; sourceTree = SOURCE_ROOT; };
		DDC8C89F1F1C5E3900CA07F7 /* AppDelegate.m */ = {isa = PBXFileReference; lastKnownFileType = sourcecode.c.objc; name = AppDelegate.m; path = "更改字体大小/AppDelegate.m"; sourceTree = SOURCE_ROOT; };
		DDC8C8A51F1C5E3900CA07F7 /* Base */ = {isa = PBXFileReference; lastKnownFileType = file.storyboard; name = Base; path = Base.lproj/Main.storyboard; sourceTree = "<group>"; };
		DDC8C8A71F1C5E3900CA07F7 /* Assets.xcassets */ = {isa = PBXFileReference; lastKnownFileType = folder.assetcatalog; path = Assets.xcassets; sourceTree = "<group>"; };
		DDC8C8AA1F1C5E3900CA07F7 /* Base */ = {isa = PBXFileReference; lastKnownFileType = file.storyboard; name = Base; path = Base.lproj/LaunchScreen.storyboard; sourceTree = "<group>"; };
		DDC8C8AC1F1C5E3900CA07F7 /* Info.plist */ = {isa = PBXFileReference; lastKnownFileType = text.plist.xml; path = Info.plist; sourceTree = "<group>"; };
		DDC8C8B11F1C5E3900CA07F7 /* 更改字体大小Tests.xctest */ = {isa = PBXFileReference; explicitFileType = wrapper.cfbundle; includeInIndex = 0; path = "更改字体大小Tests.xctest"; sourceTree = BUILT_PRODUCTS_DIR; };
		DDC8C8B51F1C5E3900CA07F7 /* ______Tests.m */ = {isa = PBXFileReference; lastKnownFileType = sourcecode.c.objc; path = "______Tests.m"; sourceTree = "<group>"; };
		DDC8C8B71F1C5E3900CA07F7 /* Info.plist */ = {isa = PBXFileReference; lastKnownFileType = text.plist.xml; path = Info.plist; sourceTree = "<group>"; };
		DDC8C8BC1F1C5E3900CA07F7 /* 更改字体大小UITests.xctest */ = {isa = PBXFileReference; explicitFileType = wrapper.cfbundle; includeInIndex = 0; path = "更改字体大小UITests.xctest"; sourceTree = BUILT_PRODUCTS_DIR; };
		DDC8C8C01F1C5E3900CA07F7 /* ______UITests.m */ = {isa = PBXFileReference; lastKnownFileType = sourcecode.c.objc; path = "______UITests.m"; sourceTree = "<group>"; };
		DDC8C8C21F1C5E3900CA07F7 /* Info.plist */ = {isa = PBXFileReference; lastKnownFileType = text.plist.xml; path = Info.plist; sourceTree = "<group>"; };
		DDC8C8D51F1C600700CA07F7 /* HomeViewController.h */ = {isa = PBXFileReference; fileEncoding = 4; lastKnownFileType = sourcecode.c.h; path = HomeViewController.h; sourceTree = "<group>"; };
		DDC8C8D61F1C600700CA07F7 /* HomeViewController.m */ = {isa = PBXFileReference; fileEncoding = 4; lastKnownFileType = sourcecode.c.objc; path = HomeViewController.m; sourceTree = "<group>"; };
		DDC8C8D81F1C61D300CA07F7 /* ActivityViewController.h */ = {isa = PBXFileReference; fileEncoding = 4; lastKnownFileType = sourcecode.c.h; path = ActivityViewController.h; sourceTree = "<group>"; };
		DDC8C8D91F1C61D300CA07F7 /* ActivityViewController.m */ = {isa = PBXFileReference; fileEncoding = 4; lastKnownFileType = sourcecode.c.objc; path = ActivityViewController.m; sourceTree = "<group>"; };
		DDC8C8DB1F1C61E400CA07F7 /* SetUpViewController.h */ = {isa = PBXFileReference; fileEncoding = 4; lastKnownFileType = sourcecode.c.h; path = SetUpViewController.h; sourceTree = "<group>"; };
		DDC8C8DC1F1C61E400CA07F7 /* SetUpViewController.m */ = {isa = PBXFileReference; fileEncoding = 4; lastKnownFileType = sourcecode.c.objc; path = SetUpViewController.m; sourceTree = "<group>"; };
		DDC8C8E21F1C8E4200CA07F7 /* Header.h */ = {isa = PBXFileReference; fileEncoding = 4; lastKnownFileType = sourcecode.c.h; path = Header.h; sourceTree = "<group>"; };
		DDC8C8E31F1C8E8D00CA07F7 /* PrefixHeader.pch */ = {isa = PBXFileReference; fileEncoding = 4; lastKnownFileType = sourcecode.c.h; path = PrefixHeader.pch; sourceTree = "<group>"; };
		DDC8C8E41F1C914A00CA07F7 /* ChangeFontController.h */ = {isa = PBXFileReference; fileEncoding = 4; lastKnownFileType = sourcecode.c.h; path = ChangeFontController.h; sourceTree = "<group>"; };
		DDC8C8E51F1C914A00CA07F7 /* ChangeFontController.m */ = {isa = PBXFileReference; fileEncoding = 4; lastKnownFileType = sourcecode.c.objc; path = ChangeFontController.m; sourceTree = "<group>"; };
		DDC8C8E71F1CA1B200CA07F7 /* MJHUser.h */ = {isa = PBXFileReference; fileEncoding = 4; lastKnownFileType = sourcecode.c.h; path = MJHUser.h; sourceTree = "<group>"; };
		DDC8C8E81F1CA1B200CA07F7 /* MJHUser.m */ = {isa = PBXFileReference; fileEncoding = 4; lastKnownFileType = sourcecode.c.objc; path = MJHUser.m; sourceTree = "<group>"; };
/* End PBXFileReference section */

/* Begin PBXFrameworksBuildPhase section */
		DDC8C8951F1C5E3900CA07F7 /* Frameworks */ = {
			isa = PBXFrameworksBuildPhase;
			buildActionMask = 2147483647;
			files = (
			);
			runOnlyForDeploymentPostprocessing = 0;
		};
		DDC8C8AE1F1C5E3900CA07F7 /* Frameworks */ = {
			isa = PBXFrameworksBuildPhase;
			buildActionMask = 2147483647;
			files = (
			);
			runOnlyForDeploymentPostprocessing = 0;
		};
		DDC8C8B91F1C5E3900CA07F7 /* Frameworks */ = {
			isa = PBXFrameworksBuildPhase;
			buildActionMask = 2147483647;
			files = (
			);
			runOnlyForDeploymentPostprocessing = 0;
		};
/* End PBXFrameworksBuildPhase section */

/* Begin PBXGroup section */
		DDC8C88F1F1C5E3900CA07F7 = {
			isa = PBXGroup;
			children = (
				DDC8C89A1F1C5E3900CA07F7 /* 更改字体大小 */,
				DDC8C8B41F1C5E3900CA07F7 /* 更改字体大小Tests */,
				DDC8C8BF1F1C5E3900CA07F7 /* 更改字体大小UITests */,
				DDC8C8991F1C5E3900CA07F7 /* Products */,
			);
			sourceTree = "<group>";
		};
		DDC8C8991F1C5E3900CA07F7 /* Products */ = {
			isa = PBXGroup;
			children = (
				DDC8C8981F1C5E3900CA07F7 /* 更改字体大小.app */,
				DDC8C8B11F1C5E3900CA07F7 /* 更改字体大小Tests.xctest */,
				DDC8C8BC1F1C5E3900CA07F7 /* 更改字体大小UITests.xctest */,
			);
			name = Products;
			sourceTree = "<group>";
		};
		DDC8C89A1F1C5E3900CA07F7 /* 更改字体大小 */ = {
			isa = PBXGroup;
			children = (
				DDC8C8D21F1C5ED600CA07F7 /* M */,
				DDC8C8D41F1C5ED600CA07F7 /* V */,
				DDC8C8D11F1C5ED600CA07F7 /* C */,
				DDC8C8D31F1C5ED600CA07F7 /* Other */,
				DDC8C8D01F1C5EC600CA07F7 /* AppDelegate */,
				DDC8C89B1F1C5E3900CA07F7 /* Supporting Files */,
			);
			path = "更改字体大小";
			sourceTree = "<group>";
		};
		DDC8C89B1F1C5E3900CA07F7 /* Supporting Files */ = {
			isa = PBXGroup;
			children = (
				DDC8C8A41F1C5E3900CA07F7 /* Main.storyboard */,
				DDC8C8A71F1C5E3900CA07F7 /* Assets.xcassets */,
				DDC8C8A91F1C5E3900CA07F7 /* LaunchScreen.storyboard */,
				DDC8C8AC1F1C5E3900CA07F7 /* Info.plist */,
				DDC8C89C1F1C5E3900CA07F7 /* main.m */,
			);
			name = "Supporting Files";
			sourceTree = "<group>";
		};
		DDC8C8B41F1C5E3900CA07F7 /* 更改字体大小Tests */ = {
			isa = PBXGroup;
			children = (
				DDC8C8B51F1C5E3900CA07F7 /* ______Tests.m */,
				DDC8C8B71F1C5E3900CA07F7 /* Info.plist */,
			);
			path = "更改字体大小Tests";
			sourceTree = "<group>";
		};
		DDC8C8BF1F1C5E3900CA07F7 /* 更改字体大小UITests */ = {
			isa = PBXGroup;
			children = (
				DDC8C8C01F1C5E3900CA07F7 /* ______UITests.m */,
				DDC8C8C21F1C5E3900CA07F7 /* Info.plist */,
			);
			path = "更改字体大小UITests";
			sourceTree = "<group>";
		};
		DDC8C8D01F1C5EC600CA07F7 /* AppDelegate */ = {
			isa = PBXGroup;
			children = (
				DDC8C89E1F1C5E3900CA07F7 /* AppDelegate.h */,
				DDC8C89F1F1C5E3900CA07F7 /* AppDelegate.m */,
			);
			path = AppDelegate;
			sourceTree = "<group>";
		};
		DDC8C8D11F1C5ED600CA07F7 /* C */ = {
			isa = PBXGroup;
			children = (
				DDC8C8D51F1C600700CA07F7 /* HomeViewController.h */,
				DDC8C8D61F1C600700CA07F7 /* HomeViewController.m */,
				DDC8C8D81F1C61D300CA07F7 /* ActivityViewController.h */,
				DDC8C8D91F1C61D300CA07F7 /* ActivityViewController.m */,
				DDC8C8DB1F1C61E400CA07F7 /* SetUpViewController.h */,
				DDC8C8DC1F1C61E400CA07F7 /* SetUpViewController.m */,
				DDC8C8E41F1C914A00CA07F7 /* ChangeFontController.h */,
				DDC8C8E51F1C914A00CA07F7 /* ChangeFontController.m */,
			);
			path = C;
			sourceTree = "<group>";
		};
		DDC8C8D21F1C5ED600CA07F7 /* M */ = {
			isa = PBXGroup;
			children = (
			);
			path = M;
			sourceTree = "<group>";
		};
		DDC8C8D31F1C5ED600CA07F7 /* Other */ = {
			isa = PBXGroup;
			children = (
				DDC8C8E21F1C8E4200CA07F7 /* Header.h */,
				DDC8C8E31F1C8E8D00CA07F7 /* PrefixHeader.pch */,
				DDC8C8E71F1CA1B200CA07F7 /* MJHUser.h */,
				DDC8C8E81F1CA1B200CA07F7 /* MJHUser.m */,
			);
			path = Other;
			sourceTree = "<group>";
		};
		DDC8C8D41F1C5ED600CA07F7 /* V */ = {
			isa = PBXGroup;
			children = (
			);
			path = V;
			sourceTree = "<group>";
		};
/* End PBXGroup section */

/* Begin PBXNativeTarget section */
		DDC8C8971F1C5E3900CA07F7 /* 更改字体大小 */ = {
			isa = PBXNativeTarget;
			buildConfigurationList = DDC8C8C51F1C5E3900CA07F7 /* Build configuration list for PBXNativeTarget "更改字体大小" */;
			buildPhases = (
				DDC8C8941F1C5E3900CA07F7 /* Sources */,
				DDC8C8951F1C5E3900CA07F7 /* Frameworks */,
				DDC8C8961F1C5E3900CA07F7 /* Resources */,
			);
			buildRules = (
			);
			dependencies = (
			);
			name = "更改字体大小";
			productName = "更改字体大小";
			productReference = DDC8C8981F1C5E3900CA07F7 /* 更改字体大小.app */;
			productType = "com.apple.product-type.application";
		};
		DDC8C8B01F1C5E3900CA07F7 /* 更改字体大小Tests */ = {
			isa = PBXNativeTarget;
			buildConfigurationList = DDC8C8C81F1C5E3900CA07F7 /* Build configuration list for PBXNativeTarget "更改字体大小Tests" */;
			buildPhases = (
				DDC8C8AD1F1C5E3900CA07F7 /* Sources */,
				DDC8C8AE1F1C5E3900CA07F7 /* Frameworks */,
				DDC8C8AF1F1C5E3900CA07F7 /* Resources */,
			);
			buildRules = (
			);
			dependencies = (
				DDC8C8B31F1C5E3900CA07F7 /* PBXTargetDependency */,
			);
			name = "更改字体大小Tests";
			productName = "更改字体大小Tests";
			productReference = DDC8C8B11F1C5E3900CA07F7 /* 更改字体大小Tests.xctest */;
			productType = "com.apple.product-type.bundle.unit-test";
		};
		DDC8C8BB1F1C5E3900CA07F7 /* 更改字体大小UITests */ = {
			isa = PBXNativeTarget;
			buildConfigurationList = DDC8C8CB1F1C5E3900CA07F7 /* Build configuration list for PBXNativeTarget "更改字体大小UITests" */;
			buildPhases = (
				DDC8C8B81F1C5E3900CA07F7 /* Sources */,
				DDC8C8B91F1C5E3900CA07F7 /* Frameworks */,
				DDC8C8BA1F1C5E3900CA07F7 /* Resources */,
			);
			buildRules = (
			);
			dependencies = (
				DDC8C8BE1F1C5E3900CA07F7 /* PBXTargetDependency */,
			);
			name = "更改字体大小UITests";
			productName = "更改字体大小UITests";
			productReference = DDC8C8BC1F1C5E3900CA07F7 /* 更改字体大小UITests.xctest */;
			productType = "com.apple.product-type.bundle.ui-testing";
		};
/* End PBXNativeTarget section */

/* Begin PBXProject section */
		DDC8C8901F1C5E3900CA07F7 /* Project object */ = {
			isa = PBXProject;
			attributes = {
				LastUpgradeCheck = 0810;
				ORGANIZATIONNAME = "苗建浩";
				TargetAttributes = {
					DDC8C8971F1C5E3900CA07F7 = {
						CreatedOnToolsVersion = 8.1;
						DevelopmentTeam = B7UQ7WHB5T;
						ProvisioningStyle = Automatic;
					};
					DDC8C8B01F1C5E3900CA07F7 = {
						CreatedOnToolsVersion = 8.1;
						ProvisioningStyle = Automatic;
						TestTargetID = DDC8C8971F1C5E3900CA07F7;
					};
					DDC8C8BB1F1C5E3900CA07F7 = {
						CreatedOnToolsVersion = 8.1;
						ProvisioningStyle = Automatic;
						TestTargetID = DDC8C8971F1C5E3900CA07F7;
					};
				};
			};
			buildConfigurationList = DDC8C8931F1C5E3900CA07F7 /* Build configuration list for PBXProject "更改字体大小" */;
			compatibilityVersion = "Xcode 3.2";
			developmentRegion = English;
			hasScannedForEncodings = 0;
			knownRegions = (
				en,
				Base,
			);
			mainGroup = DDC8C88F1F1C5E3900CA07F7;
			productRefGroup = DDC8C8991F1C5E3900CA07F7 /* Products */;
			projectDirPath = "";
			projectRoot = "";
			targets = (
				DDC8C8971F1C5E3900CA07F7 /* 更改字体大小 */,
				DDC8C8B01F1C5E3900CA07F7 /* 更改字体大小Tests */,
				DDC8C8BB1F1C5E3900CA07F7 /* 更改字体大小UITests */,
			);
		};
/* End PBXProject section */

/* Begin PBXResourcesBuildPhase section */
		DDC8C8961F1C5E3900CA07F7 /* Resources */ = {
			isa = PBXResourcesBuildPhase;
			buildActionMask = 2147483647;
			files = (
				DDC8C8AB1F1C5E3900CA07F7 /* LaunchScreen.storyboard in Resources */,
				DDC8C8A81F1C5E3900CA07F7 /* Assets.xcassets in Resources */,
				DDC8C8A61F1C5E3900CA07F7 /* Main.storyboard in Resources */,
			);
			runOnlyForDeploymentPostprocessing = 0;
		};
		DDC8C8AF1F1C5E3900CA07F7 /* Resources */ = {
			isa = PBXResourcesBuildPhase;
			buildActionMask = 2147483647;
			files = (
			);
			runOnlyForDeploymentPostprocessing = 0;
		};
		DDC8C8BA1F1C5E3900CA07F7 /* Resources */ = {
			isa = PBXResourcesBuildPhase;
			buildActionMask = 2147483647;
			files = (
			);
			runOnlyForDeploymentPostprocessing = 0;
		};
/* End PBXResourcesBuildPhase section */

/* Begin PBXSourcesBuildPhase section */
		DDC8C8941F1C5E3900CA07F7 /* Sources */ = {
			isa = PBXSourcesBuildPhase;
			buildActionMask = 2147483647;
			files = (
				DDC8C8A01F1C5E3900CA07F7 /* AppDelegate.m in Sources */,
				DDC8C8DD1F1C61E400CA07F7 /* SetUpViewController.m in Sources */,
				DDC8C8E91F1CA1B200CA07F7 /* MJHUser.m in Sources */,
				DDC8C8E61F1C914A00CA07F7 /* ChangeFontController.m in Sources */,
				DDC8C89D1F1C5E3900CA07F7 /* main.m in Sources */,
				DDC8C8D71F1C600700CA07F7 /* HomeViewController.m in Sources */,
				DDC8C8DA1F1C61D300CA07F7 /* ActivityViewController.m in Sources */,
			);
			runOnlyForDeploymentPostprocessing = 0;
		};
		DDC8C8AD1F1C5E3900CA07F7 /* Sources */ = {
			isa = PBXSourcesBuildPhase;
			buildActionMask = 2147483647;
			files = (
				DDC8C8B61F1C5E3900CA07F7 /* ______Tests.m in Sources */,
			);
			runOnlyForDeploymentPostprocessing = 0;
		};
		DDC8C8B81F1C5E3900CA07F7 /* Sources */ = {
			isa = PBXSourcesBuildPhase;
			buildActionMask = 2147483647;
			files = (
				DDC8C8C11F1C5E3900CA07F7 /* ______UITests.m in Sources */,
			);
			runOnlyForDeploymentPostprocessing = 0;
		};
/* End PBXSourcesBuildPhase section */

/* Begin PBXTargetDependency section */
		DDC8C8B31F1C5E3900CA07F7 /* PBXTargetDependency */ = {
			isa = PBXTargetDependency;
			target = DDC8C8971F1C5E3900CA07F7 /* 更改字体大小 */;
			targetProxy = DDC8C8B21F1C5E3900CA07F7 /* PBXContainerItemProxy */;
		};
		DDC8C8BE1F1C5E3900CA07F7 /* PBXTargetDependency */ = {
			isa = PBXTargetDependency;
			target = DDC8C8971F1C5E3900CA07F7 /* 更改字体大小 */;
			targetProxy = DDC8C8BD1F1C5E3900CA07F7 /* PBXContainerItemProxy */;
		};
/* End PBXTargetDependency section */

/* Begin PBXVariantGroup section */
		DDC8C8A41F1C5E3900CA07F7 /* Main.storyboard */ = {
			isa = PBXVariantGroup;
			children = (
				DDC8C8A51F1C5E3900CA07F7 /* Base */,
			);
			name = Main.storyboard;
			sourceTree = "<group>";
		};
		DDC8C8A91F1C5E3900CA07F7 /* LaunchScreen.storyboard */ = {
			isa = PBXVariantGroup;
			children = (
				DDC8C8AA1F1C5E3900CA07F7 /* Base */,
			);
			name = LaunchScreen.storyboard;
			sourceTree = "<group>";
		};
/* End PBXVariantGroup section */

/* Begin XCBuildConfiguration section */
		DDC8C8C31F1C5E3900CA07F7 /* Debug */ = {
			isa = XCBuildConfiguration;
			buildSettings = {
				ALWAYS_SEARCH_USER_PATHS = NO;
				CLANG_ANALYZER_NONNULL = YES;
				CLANG_CXX_LANGUAGE_STANDARD = "gnu++0x";
				CLANG_CXX_LIBRARY = "libc++";
				CLANG_ENABLE_MODULES = YES;
				CLANG_ENABLE_OBJC_ARC = YES;
				CLANG_WARN_BOOL_CONVERSION = YES;
				CLANG_WARN_CONSTANT_CONVERSION = YES;
				CLANG_WARN_DIRECT_OBJC_ISA_USAGE = YES_ERROR;
				CLANG_WARN_DOCUMENTATION_COMMENTS = YES;
				CLANG_WARN_EMPTY_BODY = YES;
				CLANG_WARN_ENUM_CONVERSION = YES;
				CLANG_WARN_INFINITE_RECURSION = YES;
				CLANG_WARN_INT_CONVERSION = YES;
				CLANG_WARN_OBJC_ROOT_CLASS = YES_ERROR;
				CLANG_WARN_SUSPICIOUS_MOVES = YES;
				CLANG_WARN_UNREACHABLE_CODE = YES;
				CLANG_WARN__DUPLICATE_METHOD_MATCH = YES;
				"CODE_SIGN_IDENTITY[sdk=iphoneos*]" = "iPhone Developer";
				COPY_PHASE_STRIP = NO;
				DEBUG_INFORMATION_FORMAT = dwarf;
				ENABLE_STRICT_OBJC_MSGSEND = YES;
				ENABLE_TESTABILITY = YES;
				GCC_C_LANGUAGE_STANDARD = gnu99;
				GCC_DYNAMIC_NO_PIC = NO;
				GCC_NO_COMMON_BLOCKS = YES;
				GCC_OPTIMIZATION_LEVEL = 0;
				GCC_PREPROCESSOR_DEFINITIONS = (
					"DEBUG=1",
					"$(inherited)",
				);
				GCC_WARN_64_TO_32_BIT_CONVERSION = YES;
				GCC_WARN_ABOUT_RETURN_TYPE = YES_ERROR;
				GCC_WARN_UNDECLARED_SELECTOR = YES;
				GCC_WARN_UNINITIALIZED_AUTOS = YES_AGGRESSIVE;
				GCC_WARN_UNUSED_FUNCTION = YES;
				GCC_WARN_UNUSED_VARIABLE = YES;
				IPHONEOS_DEPLOYMENT_TARGET = 10.1;
				MTL_ENABLE_DEBUG_INFO = YES;
				ONLY_ACTIVE_ARCH = YES;
				SDKROOT = iphoneos;
				TARGETED_DEVICE_FAMILY = "1,2";
			};
			name = Debug;
		};
		DDC8C8C41F1C5E3900CA07F7 /* Release */ = {
			isa = XCBuildConfiguration;
			buildSettings = {
				ALWAYS_SEARCH_USER_PATHS = NO;
				CLANG_ANALYZER_NONNULL = YES;
				CLANG_CXX_LANGUAGE_STANDARD = "gnu++0x";
				CLANG_CXX_LIBRARY = "libc++";
				CLANG_ENABLE_MODULES = YES;
				CLANG_ENABLE_OBJC_ARC = YES;
				CLANG_WARN_BOOL_CONVERSION = YES;
				CLANG_WARN_CONSTANT_CONVERSION = YES;
				CLANG_WARN_DIRECT_OBJC_ISA_USAGE = YES_ERROR;
				CLANG_WARN_DOCUMENTATION_COMMENTS = YES;
				CLANG_WARN_EMPTY_BODY = YES;
				CLANG_WARN_ENUM_CONVERSION = YES;
				CLANG_WARN_INFINITE_RECURSION = YES;
				CLANG_WARN_INT_CONVERSION = YES;
				CLANG_WARN_OBJC_ROOT_CLASS = YES_ERROR;
				CLANG_WARN_SUSPICIOUS_MOVES = YES;
				CLANG_WARN_UNREACHABLE_CODE = YES;
				CLANG_WARN__DUPLICATE_METHOD_MATCH = YES;
				"CODE_SIGN_IDENTITY[sdk=iphoneos*]" = "iPhone Developer";
				COPY_PHASE_STRIP = NO;
				DEBUG_INFORMATION_FORMAT = "dwarf-with-dsym";
				ENABLE_NS_ASSERTIONS = NO;
				ENABLE_STRICT_OBJC_MSGSEND = YES;
				GCC_C_LANGUAGE_STANDARD = gnu99;
				GCC_NO_COMMON_BLOCKS = YES;
				GCC_WARN_64_TO_32_BIT_CONVERSION = YES;
				GCC_WARN_ABOUT_RETURN_TYPE = YES_ERROR;
				GCC_WARN_UNDECLARED_SELECTOR = YES;
				GCC_WARN_UNINITIALIZED_AUTOS = YES_AGGRESSIVE;
				GCC_WARN_UNUSED_FUNCTION = YES;
				GCC_WARN_UNUSED_VARIABLE = YES;
				IPHONEOS_DEPLOYMENT_TARGET = 10.1;
				MTL_ENABLE_DEBUG_INFO = NO;
				SDKROOT = iphoneos;
				TARGETED_DEVICE_FAMILY = "1,2";
				VALIDATE_PRODUCT = YES;
			};
			name = Release;
		};
		DDC8C8C61F1C5E3900CA07F7 /* Debug */ = {
			isa = XCBuildConfiguration;
			buildSettings = {
				ASSETCATALOG_COMPILER_APPICON_NAME = AppIcon;
				DEVELOPMENT_TEAM = B7UQ7WHB5T;
				GCC_PRECOMPILE_PREFIX_HEADER = YES;
				GCC_PREFIX_HEADER = "$(SRCROOT)/更改字体大小/Other/PrefixHeader.pch";
				INFOPLIST_FILE = "更改字体大小/Info.plist";
				IPHONEOS_DEPLOYMENT_TARGET = 8.0;
				LD_RUNPATH_SEARCH_PATHS = "$(inherited) @executable_path/Frameworks";
				PRODUCT_BUNDLE_IDENTIFIER = "ganZhi.------";
				PRODUCT_NAME = "$(TARGET_NAME)";
			};
			name = Debug;
		};
		DDC8C8C71F1C5E3900CA07F7 /* Release */ = {
			isa = XCBuildConfiguration;
			buildSettings = {
				ASSETCATALOG_COMPILER_APPICON_NAME = AppIcon;
				DEVELOPMENT_TEAM = B7UQ7WHB5T;
				GCC_PRECOMPILE_PREFIX_HEADER = YES;
				GCC_PREFIX_HEADER = "$(SRCROOT)/更改字体大小/Other/PrefixHeader.pch";
				INFOPLIST_FILE = "更改字体大小/Info.plist";
				IPHONEOS_DEPLOYMENT_TARGET = 8.0;
				LD_RUNPATH_SEARCH_PATHS = "$(inherited) @executable_path/Frameworks";
				PRODUCT_BUNDLE_IDENTIFIER = "ganZhi.------";
				PRODUCT_NAME = "$(TARGET_NAME)";
			};
			name = Release;
		};
		DDC8C8C91F1C5E3900CA07F7 /* Debug */ = {
			isa = XCBuildConfiguration;
			buildSettings = {
				BUNDLE_LOADER = "$(TEST_HOST)";
				INFOPLIST_FILE = "更改字体大小Tests/Info.plist";
				LD_RUNPATH_SEARCH_PATHS = "$(inherited) @executable_path/Frameworks @loader_path/Frameworks";
				PRODUCT_BUNDLE_IDENTIFIER = "ganZhi.------Tests";
				PRODUCT_NAME = "$(TARGET_NAME)";
				TEST_HOST = "$(BUILT_PRODUCTS_DIR)/更改字体大小.app/更改字体大小";
			};
			name = Debug;
		};
		DDC8C8CA1F1C5E3900CA07F7 /* Release */ = {
			isa = XCBuildConfiguration;
			buildSettings = {
				BUNDLE_LOADER = "$(TEST_HOST)";
				INFOPLIST_FILE = "更改字体大小Tests/Info.plist";
				LD_RUNPATH_SEARCH_PATHS = "$(inherited) @executable_path/Frameworks @loader_path/Frameworks";
				PRODUCT_BUNDLE_IDENTIFIER = "ganZhi.------Tests";
				PRODUCT_NAME = "$(TARGET_NAME)";
				TEST_HOST = "$(BUILT_PRODUCTS_DIR)/更改字体大小.app/更改字体大小";
			};
			name = Release;
		};
		DDC8C8CC1F1C5E3900CA07F7 /* Debug */ = {
			isa = XCBuildConfiguration;
			buildSettings = {
				INFOPLIST_FILE = "更改字体大小UITests/Info.plist";
				LD_RUNPATH_SEARCH_PATHS = "$(inherited) @executable_path/Frameworks @loader_path/Frameworks";
				PRODUCT_BUNDLE_IDENTIFIER = "ganZhi.------UITests";
				PRODUCT_NAME = "$(TARGET_NAME)";
				TEST_TARGET_NAME = "更改字体大小";
			};
			name = Debug;
		};
		DDC8C8CD1F1C5E3900CA07F7 /* Release */ = {
			isa = XCBuildConfiguration;
			buildSettings = {
				INFOPLIST_FILE = "更改字体大小UITests/Info.plist";
				LD_RUNPATH_SEARCH_PATHS = "$(inherited) @executable_path/Frameworks @loader_path/Frameworks";
				PRODUCT_BUNDLE_IDENTIFIER = "ganZhi.------UITests";
				PRODUCT_NAME = "$(TARGET_NAME)";
				TEST_TARGET_NAME = "更改字体大小";
			};
			name = Release;
		};
/* End XCBuildConfiguration section */

/* Begin XCConfigurationList section */
		DDC8C8931F1C5E3900CA07F7 /* Build configuration list for PBXProject "更改字体大小" */ = {
			isa = XCConfigurationList;
			buildConfigurations = (
				DDC8C8C31F1C5E3900CA07F7 /* Debug */,
				DDC8C8C41F1C5E3900CA07F7 /* Release */,
			);
			defaultConfigurationIsVisible = 0;
			defaultConfigurationName = Release;
		};
		DDC8C8C51F1C5E3900CA07F7 /* Build configuration list for PBXNativeTarget "更改字体大小" */ = {
			isa = XCConfigurationList;
			buildConfigurations = (
				DDC8C8C61F1C5E3900CA07F7 /* Debug */,
				DDC8C8C71F1C5E3900CA07F7 /* Release */,
			);
			defaultConfigurationIsVisible = 0;
			defaultConfigurationName = Release;
		};
		DDC8C8C81F1C5E3900CA07F7 /* Build configuration list for PBXNativeTarget "更改字体大小Tests" */ = {
			isa = XCConfigurationList;
			buildConfigurations = (
				DDC8C8C91F1C5E3900CA07F7 /* Debug */,
				DDC8C8CA1F1C5E3900CA07F7 /* Release */,
			);
			defaultConfigurationIsVisible = 0;
			defaultConfigurationName = Release;
		};
		DDC8C8CB1F1C5E3900CA07F7 /* Build configuration list for PBXNativeTarget "更改字体大小UITests" */ = {
			isa = XCConfigurationList;
			buildConfigurations = (
				DDC8C8CC1F1C5E3900CA07F7 /* Debug */,
				DDC8C8CD1F1C5E3900CA07F7 /* Release */,
			);
			defaultConfigurationIsVisible = 0;
			defaultConfigurationName = Release;
		};
/* End XCConfigurationList section */
	};
	rootObject = DDC8C8901F1C5E3900CA07F7 /* Project object */;
}
